
Microsoft Visual Studio Solution File, Format Version 12.00
# Visual Studio 15
VisualStudioVersion = 15.0.28307.779
MinimumVisualStudioVersion = 10.0.40219.1
Project("{FAE04EC0-301F-11D3-BF4B-00C04F79EFBC}") = "Cpodo", "Cpodo\Cpodo.csproj", "{9F8A32C3-E5F5-46D3-9749-00CA6AA3BC6A}"
EndProject
Global
	GlobalSection(SolutionConfigurationPlatforms) = preSolution
		Debug|Any CPU = Debug|Any CPU
		Release|Any CPU = Release|Any CPU
	EndGlobalSection
	GlobalSection(ProjectConfigurationPlatforms) = postSolution
		{9F8A32C3-E5F5-46D3-9749-00CA6AA3BC6A}.Debug|Any CPU.ActiveCfg = Debug|Any CPU
		{9F8A32C3-E5F5-46D3-9749-00CA6AA3BC6A}.Debug|Any CPU.Build.0 = Debug|Any CPU
		{9F8A32C3-E5F5-46D3-9749-00CA6AA3BC6A}.Debug|Any CPU.Deploy.0 = Debug|Any CPU
		{9F8A32C3-E5F5-46D3-9749-00CA6AA3BC6A}.Release|Any CPU.ActiveCfg = Release|Any CPU
		{9F8A32C3-E5F5-46D3-9749-00CA6AA3BC6A}.Release|Any CPU.Build.0 = Release|Any CPU
		{9F8A32C3-E5F5-46D3-9749-00CA6AA3BC6A}.Release|Any CPU.Deploy.0 = Release|Any CPU
	EndGlobalSection
	GlobalSection(SolutionProperties) = preSolution
		HideSolutionNode = FALSE
	EndGlobalSection
	GlobalSection(ExtensibilityGlobals) = postSolution
		SolutionGuid = {B3E793F5-6ACA-4908-8705-A38F21033316}
	EndGlobalSection
EndGlobal
